
Microsoft Visual Studio Solution File, Format Version 12.00
# Visual Studio Version 16
VisualStudioVersion = 16.0.29319.158
MinimumVisualStudioVersion = 10.0.40219.1
Project("{9A19103F-16F7-4668-BE54-9A1E7A4F7556}") = "CooperativaXZ", "CooperativaXZ.csproj", "{764C17B7-6EDF-43A1-A64B-5C5FE917A179}"
EndProject
Project("{2150E333-8FDC-42A3-9474-1A3956D46DE8}") = "src", "src", "{4625F107-5D03-416F-8758-3E8597165E80}"
EndProject
Project("{2150E333-8FDC-42A3-9474-1A3956D46DE8}") = "5 - Infra", "5 - Infra", "{D754CB5F-7842-4F84-9CED-849B7C8AA1AC}"
EndProject
Project("{2150E333-8FDC-42A3-9474-1A3956D46DE8}") = "1 - UI", "1 - UI", "{A91B13D5-BFD2-4644-8737-E67E10AE27EF}"
EndProject
Project("{2150E333-8FDC-42A3-9474-1A3956D46DE8}") = "2 - Services", "2 - Services", "{3AE04228-7E6F-4CFD-A7B6-85D8471B2DC4}"
EndProject
Project("{2150E333-8FDC-42A3-9474-1A3956D46DE8}") = "3 - Application", "3 - Application", "{8A5EEAE6-BA7B-4384-9F06-85FCBE59922B}"
EndProject
Project("{2150E333-8FDC-42A3-9474-1A3956D46DE8}") = "4 - Domain", "4 - Domain", "{78752B50-948B-4AD4-879F-3F2F4C156C45}"
EndProject
Project("{2150E333-8FDC-42A3-9474-1A3956D46DE8}") = "5.1 - Data", "5.1 - Data", "{097973D8-E196-4128-84CB-EBFFE9982B65}"
EndProject
Project("{2150E333-8FDC-42A3-9474-1A3956D46DE8}") = "5.2 - CrossCutting", "5.2 - CrossCutting", "{21E508ED-2E5B-43AC-A8A6-A6AE9658E8B6}"
EndProject
Project("{9A19103F-16F7-4668-BE54-9A1E7A4F7556}") = "CooperatixaXZ.Infra.CrossCutting.SharedUI", "CooperativaXZ.Infra.CrossCutting.SharedUI\CooperatixaXZ.Infra.CrossCutting.SharedUI.csproj", "{4726A5DF-BE28-4470-8634-AC0FDA3C3DB6}"
EndProject
Global
	GlobalSection(SolutionConfigurationPlatforms) = preSolution
		Debug|Any CPU = Debug|Any CPU
		Release|Any CPU = Release|Any CPU
	EndGlobalSection
	GlobalSection(ProjectConfigurationPlatforms) = postSolution
		{764C17B7-6EDF-43A1-A64B-5C5FE917A179}.Debug|Any CPU.ActiveCfg = Debug|Any CPU
		{764C17B7-6EDF-43A1-A64B-5C5FE917A179}.Debug|Any CPU.Build.0 = Debug|Any CPU
		{764C17B7-6EDF-43A1-A64B-5C5FE917A179}.Release|Any CPU.ActiveCfg = Release|Any CPU
		{764C17B7-6EDF-43A1-A64B-5C5FE917A179}.Release|Any CPU.Build.0 = Release|Any CPU
		{4726A5DF-BE28-4470-8634-AC0FDA3C3DB6}.Debug|Any CPU.ActiveCfg = Debug|Any CPU
		{4726A5DF-BE28-4470-8634-AC0FDA3C3DB6}.Debug|Any CPU.Build.0 = Debug|Any CPU
		{4726A5DF-BE28-4470-8634-AC0FDA3C3DB6}.Release|Any CPU.ActiveCfg = Release|Any CPU
		{4726A5DF-BE28-4470-8634-AC0FDA3C3DB6}.Release|Any CPU.Build.0 = Release|Any CPU
	EndGlobalSection
	GlobalSection(SolutionProperties) = preSolution
		HideSolutionNode = FALSE
	EndGlobalSection
	GlobalSection(NestedProjects) = preSolution
		{764C17B7-6EDF-43A1-A64B-5C5FE917A179} = {A91B13D5-BFD2-4644-8737-E67E10AE27EF}
		{D754CB5F-7842-4F84-9CED-849B7C8AA1AC} = {4625F107-5D03-416F-8758-3E8597165E80}
		{A91B13D5-BFD2-4644-8737-E67E10AE27EF} = {4625F107-5D03-416F-8758-3E8597165E80}
		{3AE04228-7E6F-4CFD-A7B6-85D8471B2DC4} = {4625F107-5D03-416F-8758-3E8597165E80}
		{8A5EEAE6-BA7B-4384-9F06-85FCBE59922B} = {4625F107-5D03-416F-8758-3E8597165E80}
		{78752B50-948B-4AD4-879F-3F2F4C156C45} = {4625F107-5D03-416F-8758-3E8597165E80}
		{097973D8-E196-4128-84CB-EBFFE9982B65} = {D754CB5F-7842-4F84-9CED-849B7C8AA1AC}
		{21E508ED-2E5B-43AC-A8A6-A6AE9658E8B6} = {D754CB5F-7842-4F84-9CED-849B7C8AA1AC}
		{4726A5DF-BE28-4470-8634-AC0FDA3C3DB6} = {21E508ED-2E5B-43AC-A8A6-A6AE9658E8B6}
	EndGlobalSection
	GlobalSection(ExtensibilityGlobals) = postSolution
		SolutionGuid = {BBB8E3AF-2795-46F5-9EDF-5E913A851BD2}
	EndGlobalSection
EndGlobal
